<Solution>
  <Folder Name="/src/">
    <Project Path="src/TransactionSystem.Api/TransactionSystem.Api.csproj" />
    <Project Path="src/TransactionSystem.Application/TransactionSystem.Application.csproj" />
    <Project Path="src/TransactionSystem.Domain/TransactionSystem.Domain.csproj" />
    <Project Path="src/TransactioSystem.Infrastructure/TransactioSystem.Infrastructure.csproj" />
  </Folder>
</Solution>
